
Microsoft Visual Studio Solution File, Format Version 12.00
# Visual Studio Version 16
VisualStudioVersion = 25.0.1700.1
MinimumVisualStudioVersion = 10.0.40219.1
Project("{FAE04EC0-301F-11D3-BF4B-00C04F79EFBC}") = "test-sample-seiyainouem-testtest-v2", "test-sample-seiyainouem-testtest-v2.csproj", "{758B2FF5-32BF-4739-AD56-2F5755FCA71E}"
EndProject
Global
	GlobalSection(SolutionConfigurationPlatforms) = preSolution
		Debug|Any CPU = Debug|Any CPU
		Release|Any CPU = Release|Any CPU
	EndGlobalSection
	GlobalSection(ProjectConfigurationPlatforms) = postSolution
		{758B2FF5-32BF-4739-AD56-2F5755FCA71E}.Debug|Any CPU.ActiveCfg = Debug|Any CPU
		{758B2FF5-32BF-4739-AD56-2F5755FCA71E}.Debug|Any CPU.Build.0 = Debug|Any CPU
		{758B2FF5-32BF-4739-AD56-2F5755FCA71E}.Release|Any CPU.ActiveCfg = Release|Any CPU
		{758B2FF5-32BF-4739-AD56-2F5755FCA71E}.Release|Any CPU.Build.0 = Release|Any CPU
	EndGlobalSection
	GlobalSection(SolutionProperties) = preSolution
		HideSolutionNode = FALSE
	EndGlobalSection
	GlobalSection(ExtensibilityGlobals) = postSolution
		SolutionGuid = {617E3A66-29BF-4B8C-BD39-F5EE5AC7C98B}
	EndGlobalSection
EndGlobal
